
Microsoft Visual Studio Solution File, Format Version 12.00
# Visual Studio Version 16
VisualStudioVersion = 16.0.29201.188
MinimumVisualStudioVersion = 10.0.40219.1
Project("{FAE04EC0-301F-11D3-BF4B-00C04F79EFBC}") = "Registractionandlogininmvc", "Registractionandlogininmvc\Registractionandlogininmvc.csproj", "{322D3C07-5640-4025-B25E-0C0498935EFF}"
EndProject
Global
	GlobalSection(SolutionConfigurationPlatforms) = preSolution
		Debug|Any CPU = Debug|Any CPU
		Release|Any CPU = Release|Any CPU
	EndGlobalSection
	GlobalSection(ProjectConfigurationPlatforms) = postSolution
		{322D3C07-5640-4025-B25E-0C0498935EFF}.Debug|Any CPU.ActiveCfg = Debug|Any CPU
		{322D3C07-5640-4025-B25E-0C0498935EFF}.Debug|Any CPU.Build.0 = Debug|Any CPU
		{322D3C07-5640-4025-B25E-0C0498935EFF}.Release|Any CPU.ActiveCfg = Release|Any CPU
		{322D3C07-5640-4025-B25E-0C0498935EFF}.Release|Any CPU.Build.0 = Release|Any CPU
	EndGlobalSection
	GlobalSection(SolutionProperties) = preSolution
		HideSolutionNode = FALSE
	EndGlobalSection
	GlobalSection(ExtensibilityGlobals) = postSolution
		SolutionGuid = {92BE6E9C-CEF5-49D7-A720-307022D95C29}
	EndGlobalSection
EndGlobal
